
Microsoft Visual Studio Solution File, Format Version 12.00
# Visual Studio Version 16
VisualStudioVersion = 16.0.30611.23
MinimumVisualStudioVersion = 10.0.40219.1
Project("{FAE04EC0-301F-11D3-BF4B-00C04F79EFBC}") = "CareerCloud.Pocos", "CareerCloud.Pocos\CareerCloud.Pocos.csproj", "{425BC6DB-EDCE-4D95-A923-33457D53D077}"
EndProject
Project("{9A19103F-16F7-4668-BE54-9A1E7A4F7556}") = "CareerCloudCore.UnitTests.Assignment1", "..\CareerCloudCore.UnitTests.Assignment1\CareerCloudCore.UnitTests.Assignment1\CareerCloudCore.UnitTests.Assignment1.csproj", "{4EAA1BAF-4219-4BC1-B2AB-A201A2F646D3}"
EndProject
Global
	GlobalSection(SolutionConfigurationPlatforms) = preSolution
		Debug|Any CPU = Debug|Any CPU
		Release|Any CPU = Release|Any CPU
	EndGlobalSection
	GlobalSection(ProjectConfigurationPlatforms) = postSolution
		{425BC6DB-EDCE-4D95-A923-33457D53D077}.Debug|Any CPU.ActiveCfg = Debug|Any CPU
		{425BC6DB-EDCE-4D95-A923-33457D53D077}.Debug|Any CPU.Build.0 = Debug|Any CPU
		{425BC6DB-EDCE-4D95-A923-33457D53D077}.Release|Any CPU.ActiveCfg = Release|Any CPU
		{425BC6DB-EDCE-4D95-A923-33457D53D077}.Release|Any CPU.Build.0 = Release|Any CPU
		{4EAA1BAF-4219-4BC1-B2AB-A201A2F646D3}.Debug|Any CPU.ActiveCfg = Debug|Any CPU
		{4EAA1BAF-4219-4BC1-B2AB-A201A2F646D3}.Debug|Any CPU.Build.0 = Debug|Any CPU
		{4EAA1BAF-4219-4BC1-B2AB-A201A2F646D3}.Release|Any CPU.ActiveCfg = Release|Any CPU
		{4EAA1BAF-4219-4BC1-B2AB-A201A2F646D3}.Release|Any CPU.Build.0 = Release|Any CPU
	EndGlobalSection
	GlobalSection(SolutionProperties) = preSolution
		HideSolutionNode = FALSE
	EndGlobalSection
	GlobalSection(ExtensibilityGlobals) = postSolution
		SolutionGuid = {6514A203-DC57-44B7-94D5-4F1AD0510737}
	EndGlobalSection
EndGlobal
